
Microsoft Visual Studio Solution File, Format Version 12.00
# Visual Studio Version 17
VisualStudioVersion = 17.3.32922.545
MinimumVisualStudioVersion = 10.0.40219.1
Project("{FAE04EC0-301F-11D3-BF4B-00C04F79EFBC}") = "WebApplication6", "WebApplication6\WebApplication6.csproj", "{5A2A37FD-F3C0-404C-B80B-D7B780C49C1D}"
EndProject
Global
	GlobalSection(SolutionConfigurationPlatforms) = preSolution
		Debug|Any CPU = Debug|Any CPU
		Release|Any CPU = Release|Any CPU
	EndGlobalSection
	GlobalSection(ProjectConfigurationPlatforms) = postSolution
		{5A2A37FD-F3C0-404C-B80B-D7B780C49C1D}.Debug|Any CPU.ActiveCfg = Debug|Any CPU
		{5A2A37FD-F3C0-404C-B80B-D7B780C49C1D}.Debug|Any CPU.Build.0 = Debug|Any CPU
		{5A2A37FD-F3C0-404C-B80B-D7B780C49C1D}.Release|Any CPU.ActiveCfg = Release|Any CPU
		{5A2A37FD-F3C0-404C-B80B-D7B780C49C1D}.Release|Any CPU.Build.0 = Release|Any CPU
	EndGlobalSection
	GlobalSection(SolutionProperties) = preSolution
		HideSolutionNode = FALSE
	EndGlobalSection
	GlobalSection(ExtensibilityGlobals) = postSolution
		SolutionGuid = {C212D16A-51D1-4717-9983-5C0328A2C772}
	EndGlobalSection
EndGlobal
