
Microsoft Visual Studio Solution File, Format Version 12.00
# Visual Studio Version 17
VisualStudioVersion = 17.3.32922.545
MinimumVisualStudioVersion = 10.0.40219.1
Project("{FAE04EC0-301F-11D3-BF4B-00C04F79EFBC}") = "ConsoleApp5", "ConsoleApp5\ConsoleApp5.csproj", "{24A43641-2BCF-48CD-A2BC-4470F3A02E8D}"
EndProject
Global
	GlobalSection(SolutionConfigurationPlatforms) = preSolution
		Debug|Any CPU = Debug|Any CPU
		Release|Any CPU = Release|Any CPU
	EndGlobalSection
	GlobalSection(ProjectConfigurationPlatforms) = postSolution
		{24A43641-2BCF-48CD-A2BC-4470F3A02E8D}.Debug|Any CPU.ActiveCfg = Debug|Any CPU
		{24A43641-2BCF-48CD-A2BC-4470F3A02E8D}.Debug|Any CPU.Build.0 = Debug|Any CPU
		{24A43641-2BCF-48CD-A2BC-4470F3A02E8D}.Release|Any CPU.ActiveCfg = Release|Any CPU
		{24A43641-2BCF-48CD-A2BC-4470F3A02E8D}.Release|Any CPU.Build.0 = Release|Any CPU
	EndGlobalSection
	GlobalSection(SolutionProperties) = preSolution
		HideSolutionNode = FALSE
	EndGlobalSection
	GlobalSection(ExtensibilityGlobals) = postSolution
		SolutionGuid = {75206971-7F04-4CB3-AF55-DA2824387884}
	EndGlobalSection
EndGlobal
